
Microsoft Visual Studio Solution File, Format Version 12.00
# Visual Studio 15
VisualStudioVersion = 15.0.28010.2041
MinimumVisualStudioVersion = 10.0.40219.1
Project("{FAE04EC0-301F-11D3-BF4B-00C04F79EFBC}") = "viewGroup este si", "viewGroup este si\viewGroup este si.csproj", "{6D9C8F2B-057E-4E43-91FC-5DB2E4F617C7}"
EndProject
Global
	GlobalSection(SolutionConfigurationPlatforms) = preSolution
		Debug|Any CPU = Debug|Any CPU
		Release|Any CPU = Release|Any CPU
	EndGlobalSection
	GlobalSection(ProjectConfigurationPlatforms) = postSolution
		{6D9C8F2B-057E-4E43-91FC-5DB2E4F617C7}.Debug|Any CPU.ActiveCfg = Debug|Any CPU
		{6D9C8F2B-057E-4E43-91FC-5DB2E4F617C7}.Debug|Any CPU.Build.0 = Debug|Any CPU
		{6D9C8F2B-057E-4E43-91FC-5DB2E4F617C7}.Release|Any CPU.ActiveCfg = Release|Any CPU
		{6D9C8F2B-057E-4E43-91FC-5DB2E4F617C7}.Release|Any CPU.Build.0 = Release|Any CPU
	EndGlobalSection
	GlobalSection(SolutionProperties) = preSolution
		HideSolutionNode = FALSE
	EndGlobalSection
	GlobalSection(ExtensibilityGlobals) = postSolution
		SolutionGuid = {AF0A7DD4-2213-4C67-8FF2-4A373646110A}
	EndGlobalSection
EndGlobal
